
Microsoft Visual Studio Solution File, Format Version 12.00
# Visual Studio 2013
VisualStudioVersion = 12.0.21005.1
MinimumVisualStudioVersion = 10.0.40219.1
Project("{FAE04EC0-301F-11D3-BF4B-00C04F79EFBC}") = "InnaTourWebService", "InnaTourWebService\InnaTourWebService.csproj", "{414FC7E0-DBBC-4CB3-81BD-C304C94CDB1D}"
EndProject
Project("{FAE04EC0-301F-11D3-BF4B-00C04F79EFBC}") = "ServiceTest", "ServiceTest\ServiceTest.csproj", "{E4C0B941-588C-42BF-9670-3FDD93ED60CB}"
	ProjectSection(ProjectDependencies) = postProject
		{414FC7E0-DBBC-4CB3-81BD-C304C94CDB1D} = {414FC7E0-DBBC-4CB3-81BD-C304C94CDB1D}
	EndProjectSection
EndProject
Global
	GlobalSection(SolutionConfigurationPlatforms) = preSolution
		Debug|Any CPU = Debug|Any CPU
		Release|Any CPU = Release|Any CPU
	EndGlobalSection
	GlobalSection(ProjectConfigurationPlatforms) = postSolution
		{414FC7E0-DBBC-4CB3-81BD-C304C94CDB1D}.Debug|Any CPU.ActiveCfg = Debug|Any CPU
		{414FC7E0-DBBC-4CB3-81BD-C304C94CDB1D}.Debug|Any CPU.Build.0 = Debug|Any CPU
		{414FC7E0-DBBC-4CB3-81BD-C304C94CDB1D}.Release|Any CPU.ActiveCfg = Release|Any CPU
		{414FC7E0-DBBC-4CB3-81BD-C304C94CDB1D}.Release|Any CPU.Build.0 = Release|Any CPU
		{E4C0B941-588C-42BF-9670-3FDD93ED60CB}.Debug|Any CPU.ActiveCfg = Debug|Any CPU
		{E4C0B941-588C-42BF-9670-3FDD93ED60CB}.Debug|Any CPU.Build.0 = Debug|Any CPU
		{E4C0B941-588C-42BF-9670-3FDD93ED60CB}.Release|Any CPU.ActiveCfg = Release|Any CPU
		{E4C0B941-588C-42BF-9670-3FDD93ED60CB}.Release|Any CPU.Build.0 = Release|Any CPU
	EndGlobalSection
	GlobalSection(SolutionProperties) = preSolution
		HideSolutionNode = FALSE
	EndGlobalSection
EndGlobal
